
Microsoft Visual Studio Solution File, Format Version 12.00
# Visual Studio Version 17
VisualStudioVersion = 17.5.33424.131
MinimumVisualStudioVersion = 10.0.40219.1
Project("{FAE04EC0-301F-11D3-BF4B-00C04F79EFBC}") = "Laboratorio13", "Laboratorio13\Laboratorio13.csproj", "{3E9BB957-7E2E-4E68-8C6A-EF3F31539444}"
EndProject
Global
	GlobalSection(SolutionConfigurationPlatforms) = preSolution
		Debug|Any CPU = Debug|Any CPU
		Release|Any CPU = Release|Any CPU
	EndGlobalSection
	GlobalSection(ProjectConfigurationPlatforms) = postSolution
		{3E9BB957-7E2E-4E68-8C6A-EF3F31539444}.Debug|Any CPU.ActiveCfg = Debug|Any CPU
		{3E9BB957-7E2E-4E68-8C6A-EF3F31539444}.Debug|Any CPU.Build.0 = Debug|Any CPU
		{3E9BB957-7E2E-4E68-8C6A-EF3F31539444}.Release|Any CPU.ActiveCfg = Release|Any CPU
		{3E9BB957-7E2E-4E68-8C6A-EF3F31539444}.Release|Any CPU.Build.0 = Release|Any CPU
	EndGlobalSection
	GlobalSection(SolutionProperties) = preSolution
		HideSolutionNode = FALSE
	EndGlobalSection
	GlobalSection(ExtensibilityGlobals) = postSolution
		SolutionGuid = {269040BD-9597-492D-A0EA-19262E69A276}
	EndGlobalSection
EndGlobal
